// !$*UTF8*$!
{
	archiveVersion = 1;
	classes = {
	};
	objectVersion = 46;
	objects = {

/* Begin PBXBuildFile section */
		281FDEA31CBF1C1800822176 /* main.cpp in Sources */ = {isa = PBXBuildFile; fileRef = 281FDEA21CBF1C1800822176 /* main.cpp */; };
		281FDEAF1CBF34F000822176 /* textscapper.cpp in Sources */ = {isa = PBXBuildFile; fileRef = 281FDEAE1CBF34F000822176 /* textscapper.cpp */; };
/* End PBXBuildFile section */

/* Begin PBXCopyFilesBuildPhase section */
		281FDE9D1CBF1C1800822176 /* CopyFiles */ = {
			isa = PBXCopyFilesBuildPhase;
			buildActionMask = 2147483647;
			dstPath = /usr/share/man/man1/;
			dstSubfolderSpec = 0;
			files = (
			);
			runOnlyForDeploymentPostprocessing = 1;
		};
/* End PBXCopyFilesBuildPhase section */

/* Begin PBXFileReference section */
		281FDE9F1CBF1C1800822176 /* promises_and_futures */ = {isa = PBXFileReference; explicitFileType = "compiled.mach-o.executable"; includeInIndex = 0; path = promises_and_futures; sourceTree = BUILT_PRODUCTS_DIR; };
		281FDEA21CBF1C1800822176 /* main.cpp */ = {isa = PBXFileReference; lastKnownFileType = sourcecode.cpp.cpp; path = main.cpp; sourceTree = "<group>"; };
		281FDEAD1CBF33AD00822176 /* textscapper.h */ = {isa = PBXFileReference; lastKnownFileType = sourcecode.c.h; path = textscapper.h; sourceTree = "<group>"; };
		281FDEAE1CBF34F000822176 /* textscapper.cpp */ = {isa = PBXFileReference; fileEncoding = 4; lastKnownFileType = sourcecode.cpp.cpp; path = textscapper.cpp; sourceTree = "<group>"; };
		283F68CD1CC3F5C1006719F0 /* AsyncTextParser.h */ = {isa = PBXFileReference; lastKnownFileType = sourcecode.c.h; path = AsyncTextParser.h; sourceTree = "<group>"; };
/* End PBXFileReference section */

/* Begin PBXFrameworksBuildPhase section */
		281FDE9C1CBF1C1800822176 /* Frameworks */ = {
			isa = PBXFrameworksBuildPhase;
			buildActionMask = 2147483647;
			files = (
			);
			runOnlyForDeploymentPostprocessing = 0;
		};
/* End PBXFrameworksBuildPhase section */

/* Begin PBXGroup section */
		281FDE961CBF1C1800822176 = {
			isa = PBXGroup;
			children = (
				281FDEA11CBF1C1800822176 /* promises_and_futures */,
				281FDEA01CBF1C1800822176 /* Products */,
			);
			sourceTree = "<group>";
		};
		281FDEA01CBF1C1800822176 /* Products */ = {
			isa = PBXGroup;
			children = (
				281FDE9F1CBF1C1800822176 /* promises_and_futures */,
			);
			name = Products;
			sourceTree = "<group>";
		};
		281FDEA11CBF1C1800822176 /* promises_and_futures */ = {
			isa = PBXGroup;
			children = (
				281FDEA21CBF1C1800822176 /* main.cpp */,
				281FDEAD1CBF33AD00822176 /* textscapper.h */,
				281FDEAE1CBF34F000822176 /* textscapper.cpp */,
				283F68CD1CC3F5C1006719F0 /* AsyncTextParser.h */,
			);
			path = promises_and_futures;
			sourceTree = "<group>";
		};
/* End PBXGroup section */

/* Begin PBXNativeTarget section */
		281FDE9E1CBF1C1800822176 /* promises_and_futures */ = {
			isa = PBXNativeTarget;
			buildConfigurationList = 281FDEA61CBF1C1800822176 /* Build configuration list for PBXNativeTarget "promises_and_futures" */;
			buildPhases = (
				281FDE9B1CBF1C1800822176 /* Sources */,
				281FDE9C1CBF1C1800822176 /* Frameworks */,
				281FDE9D1CBF1C1800822176 /* CopyFiles */,
			);
			buildRules = (
			);
			dependencies = (
			);
			name = promises_and_futures;
			productName = promises_and_futures;
			productReference = 281FDE9F1CBF1C1800822176 /* promises_and_futures */;
			productType = "com.apple.product-type.tool";
		};
/* End PBXNativeTarget section */

/* Begin PBXProject section */
		281FDE971CBF1C1800822176 /* Project object */ = {
			isa = PBXProject;
			attributes = {
				LastUpgradeCheck = 0720;
				ORGANIZATIONNAME = "jonathon hare";
				TargetAttributes = {
					281FDE9E1CBF1C1800822176 = {
						CreatedOnToolsVersion = 7.2.1;
					};
				};
			};
			buildConfigurationList = 281FDE9A1CBF1C1800822176 /* Build configuration list for PBXProject "promises_and_futures" */;
			compatibilityVersion = "Xcode 3.2";
			developmentRegion = English;
			hasScannedForEncodings = 0;
			knownRegions = (
				en,
			);
			mainGroup = 281FDE961CBF1C1800822176;
			productRefGroup = 281FDEA01CBF1C1800822176 /* Products */;
			projectDirPath = "";
			projectRoot = "";
			targets = (
				281FDE9E1CBF1C1800822176 /* promises_and_futures */,
			);
		};
/* End PBXProject section */

/* Begin PBXSourcesBuildPhase section */
		281FDE9B1CBF1C1800822176 /* Sources */ = {
			isa = PBXSourcesBuildPhase;
			buildActionMask = 2147483647;
			files = (
				281FDEAF1CBF34F000822176 /* textscapper.cpp in Sources */,
				281FDEA31CBF1C1800822176 /* main.cpp in Sources */,
			);
			runOnlyForDeploymentPostprocessing = 0;
		};
/* End PBXSourcesBuildPhase section */

/* Begin XCBuildConfiguration section */
		281FDEA41CBF1C1800822176 /* Debug */ = {
			isa = XCBuildConfiguration;
			buildSettings = {
				ALWAYS_SEARCH_USER_PATHS = NO;
				CLANG_CXX_LANGUAGE_STANDARD = "gnu++0x";
				CLANG_CXX_LIBRARY = "libc++";
				CLANG_ENABLE_MODULES = YES;
				CLANG_ENABLE_OBJC_ARC = YES;
				CLANG_WARN_BOOL_CONVERSION = YES;
				CLANG_WARN_CONSTANT_CONVERSION = YES;
				CLANG_WARN_DIRECT_OBJC_ISA_USAGE = YES_ERROR;
				CLANG_WARN_EMPTY_BODY = YES;
				CLANG_WARN_ENUM_CONVERSION = YES;
				CLANG_WARN_INT_CONVERSION = YES;
				CLANG_WARN_OBJC_ROOT_CLASS = YES_ERROR;
				CLANG_WARN_UNREACHABLE_CODE = YES;
				CLANG_WARN__DUPLICATE_METHOD_MATCH = YES;
				CODE_SIGN_IDENTITY = "-";
				COPY_PHASE_STRIP = NO;
				DEBUG_INFORMATION_FORMAT = dwarf;
				ENABLE_STRICT_OBJC_MSGSEND = YES;
				ENABLE_TESTABILITY = YES;
				GCC_C_LANGUAGE_STANDARD = gnu99;
				GCC_DYNAMIC_NO_PIC = NO;
				GCC_NO_COMMON_BLOCKS = YES;
				GCC_OPTIMIZATION_LEVEL = 0;
				GCC_PREPROCESSOR_DEFINITIONS = (
					"DEBUG=1",
					"$(inherited)",
				);
				GCC_WARN_64_TO_32_BIT_CONVERSION = YES;
				GCC_WARN_ABOUT_RETURN_TYPE = YES_ERROR;
				GCC_WARN_UNDECLARED_SELECTOR = YES;
				GCC_WARN_UNINITIALIZED_AUTOS = YES_AGGRESSIVE;
				GCC_WARN_UNUSED_FUNCTION = YES;
				GCC_WARN_UNUSED_VARIABLE = YES;
				MACOSX_DEPLOYMENT_TARGET = 10.10;
				MTL_ENABLE_DEBUG_INFO = YES;
				ONLY_ACTIVE_ARCH = YES;
				SDKROOT = macosx;
			};
			name = Debug;
		};
		281FDEA51CBF1C1800822176 /* Release */ = {
			isa = XCBuildConfiguration;
			buildSettings = {
				ALWAYS_SEARCH_USER_PATHS = NO;
				CLANG_CXX_LANGUAGE_STANDARD = "gnu++0x";
				CLANG_CXX_LIBRARY = "libc++";
				CLANG_ENABLE_MODULES = YES;
				CLANG_ENABLE_OBJC_ARC = YES;
				CLANG_WARN_BOOL_CONVERSION = YES;
				CLANG_WARN_CONSTANT_CONVERSION = YES;
				CLANG_WARN_DIRECT_OBJC_ISA_USAGE = YES_ERROR;
				CLANG_WARN_EMPTY_BODY = YES;
				CLANG_WARN_ENUM_CONVERSION = YES;
				CLANG_WARN_INT_CONVERSION = YES;
				CLANG_WARN_OBJC_ROOT_CLASS = YES_ERROR;
				CLANG_WARN_UNREACHABLE_CODE = YES;
				CLANG_WARN__DUPLICATE_METHOD_MATCH = YES;
				CODE_SIGN_IDENTITY = "-";
				COPY_PHASE_STRIP = NO;
				DEBUG_INFORMATION_FORMAT = "dwarf-with-dsym";
				ENABLE_NS_ASSERTIONS = NO;
				ENABLE_STRICT_OBJC_MSGSEND = YES;
				GCC_C_LANGUAGE_STANDARD = gnu99;
				GCC_NO_COMMON_BLOCKS = YES;
				GCC_WARN_64_TO_32_BIT_CONVERSION = YES;
				GCC_WARN_ABOUT_RETURN_TYPE = YES_ERROR;
				GCC_WARN_UNDECLARED_SELECTOR = YES;
				GCC_WARN_UNINITIALIZED_AUTOS = YES_AGGRESSIVE;
				GCC_WARN_UNUSED_FUNCTION = YES;
				GCC_WARN_UNUSED_VARIABLE = YES;
				MACOSX_DEPLOYMENT_TARGET = 10.10;
				MTL_ENABLE_DEBUG_INFO = NO;
				SDKROOT = macosx;
			};
			name = Release;
		};
		281FDEA71CBF1C1800822176 /* Debug */ = {
			isa = XCBuildConfiguration;
			buildSettings = {
				PRODUCT_NAME = "$(TARGET_NAME)";
			};
			name = Debug;
		};
		281FDEA81CBF1C1800822176 /* Release */ = {
			isa = XCBuildConfiguration;
			buildSettings = {
				PRODUCT_NAME = "$(TARGET_NAME)";
			};
			name = Release;
		};
/* End XCBuildConfiguration section */

/* Begin XCConfigurationList section */
		281FDE9A1CBF1C1800822176 /* Build configuration list for PBXProject "promises_and_futures" */ = {
			isa = XCConfigurationList;
			buildConfigurations = (
				281FDEA41CBF1C1800822176 /* Debug */,
				281FDEA51CBF1C1800822176 /* Release */,
			);
			defaultConfigurationIsVisible = 0;
			defaultConfigurationName = Release;
		};
		281FDEA61CBF1C1800822176 /* Build configuration list for PBXNativeTarget "promises_and_futures" */ = {
			isa = XCConfigurationList;
			buildConfigurations = (
				281FDEA71CBF1C1800822176 /* Debug */,
				281FDEA81CBF1C1800822176 /* Release */,
			);
			defaultConfigurationIsVisible = 0;
			defaultConfigurationName = Release;
		};
/* End XCConfigurationList section */
	};
	rootObject = 281FDE971CBF1C1800822176 /* Project object */;
}
